
Microsoft Visual Studio Solution File, Format Version 12.00
# Visual Studio Version 17
VisualStudioVersion = 17.8.34330.188
MinimumVisualStudioVersion = 10.0.40219.1
Project("{FAE04EC0-301F-11D3-BF4B-00C04F79EFBC}") = "Projeto_Blazor_Dupla", "Projeto_Blazor_Dupla\Projeto_Blazor_Dupla.csproj", "{610B5883-5EB6-4787-BD92-B0B351F63A74}"
EndProject
Project("{FAE04EC0-301F-11D3-BF4B-00C04F79EFBC}") = "Projeto_Blazor_Dupla.Client", "Projeto_Blazor_Dupla.Client\Projeto_Blazor_Dupla.Client.csproj", "{10BA8336-82B6-4926-BD21-1E60E862E48A}"
EndProject
Global
	GlobalSection(SolutionConfigurationPlatforms) = preSolution
		Debug|Any CPU = Debug|Any CPU
		Release|Any CPU = Release|Any CPU
	EndGlobalSection
	GlobalSection(ProjectConfigurationPlatforms) = postSolution
		{610B5883-5EB6-4787-BD92-B0B351F63A74}.Debug|Any CPU.ActiveCfg = Debug|Any CPU
		{610B5883-5EB6-4787-BD92-B0B351F63A74}.Debug|Any CPU.Build.0 = Debug|Any CPU
		{610B5883-5EB6-4787-BD92-B0B351F63A74}.Release|Any CPU.ActiveCfg = Release|Any CPU
		{610B5883-5EB6-4787-BD92-B0B351F63A74}.Release|Any CPU.Build.0 = Release|Any CPU
		{10BA8336-82B6-4926-BD21-1E60E862E48A}.Debug|Any CPU.ActiveCfg = Debug|Any CPU
		{10BA8336-82B6-4926-BD21-1E60E862E48A}.Debug|Any CPU.Build.0 = Debug|Any CPU
		{10BA8336-82B6-4926-BD21-1E60E862E48A}.Release|Any CPU.ActiveCfg = Release|Any CPU
		{10BA8336-82B6-4926-BD21-1E60E862E48A}.Release|Any CPU.Build.0 = Release|Any CPU
	EndGlobalSection
	GlobalSection(SolutionProperties) = preSolution
		HideSolutionNode = FALSE
	EndGlobalSection
	GlobalSection(ExtensibilityGlobals) = postSolution
		SolutionGuid = {19704D3A-0E5C-48E3-817A-70FDB2DC834E}
	EndGlobalSection
EndGlobal
